
Microsoft Visual Studio Solution File, Format Version 12.00
# Visual Studio 15
VisualStudioVersion = 15.0.28307.489
MinimumVisualStudioVersion = 10.0.40219.1
Project("{FAE04EC0-301F-11D3-BF4B-00C04F79EFBC}") = "Installer", "Installer\Installer.csproj", "{EC5AC2CC-3825-4B28-B253-A5AE95B06369}"
EndProject
Global
	GlobalSection(SolutionConfigurationPlatforms) = preSolution
		Debug|Any CPU = Debug|Any CPU
		Release|Any CPU = Release|Any CPU
	EndGlobalSection
	GlobalSection(ProjectConfigurationPlatforms) = postSolution
		{EC5AC2CC-3825-4B28-B253-A5AE95B06369}.Debug|Any CPU.ActiveCfg = Debug|Any CPU
		{EC5AC2CC-3825-4B28-B253-A5AE95B06369}.Debug|Any CPU.Build.0 = Debug|Any CPU
		{EC5AC2CC-3825-4B28-B253-A5AE95B06369}.Release|Any CPU.ActiveCfg = Release|Any CPU
		{EC5AC2CC-3825-4B28-B253-A5AE95B06369}.Release|Any CPU.Build.0 = Release|Any CPU
	EndGlobalSection
	GlobalSection(SolutionProperties) = preSolution
		HideSolutionNode = FALSE
	EndGlobalSection
	GlobalSection(ExtensibilityGlobals) = postSolution
		SolutionGuid = {BF464B1B-D731-4092-AEFD-3080B29A9DD2}
	EndGlobalSection
EndGlobal
